
Microsoft Visual Studio Solution File, Format Version 12.00
# Visual Studio Version 17
VisualStudioVersion = 17.10.35027.167
MinimumVisualStudioVersion = 10.0.40219.1
Project("{FAE04EC0-301F-11D3-BF4B-00C04F79EFBC}") = "Tarea 3.2", "Tarea 3.2.csproj", "{4E9BA32D-5743-45A4-AAA6-DBE21B8738A7}"
EndProject
Global
	GlobalSection(SolutionConfigurationPlatforms) = preSolution
		Debug|Any CPU = Debug|Any CPU
		Release|Any CPU = Release|Any CPU
	EndGlobalSection
	GlobalSection(ProjectConfigurationPlatforms) = postSolution
		{4E9BA32D-5743-45A4-AAA6-DBE21B8738A7}.Debug|Any CPU.ActiveCfg = Debug|Any CPU
		{4E9BA32D-5743-45A4-AAA6-DBE21B8738A7}.Debug|Any CPU.Build.0 = Debug|Any CPU
		{4E9BA32D-5743-45A4-AAA6-DBE21B8738A7}.Release|Any CPU.ActiveCfg = Release|Any CPU
		{4E9BA32D-5743-45A4-AAA6-DBE21B8738A7}.Release|Any CPU.Build.0 = Release|Any CPU
	EndGlobalSection
	GlobalSection(SolutionProperties) = preSolution
		HideSolutionNode = FALSE
	EndGlobalSection
	GlobalSection(ExtensibilityGlobals) = postSolution
		SolutionGuid = {D62D9E4A-E2DE-47C0-ADF3-ECA3BFBC8967}
	EndGlobalSection
EndGlobal
